// !$*UTF8*$!
{
	archiveVersion = 1;
	classes = {
	};
	objectVersion = 50;
	objects = {

/* Begin PBXBuildFile section */
		D9266CC224F01A7900FAEBF0 /* NotesViewController.swift in Sources */ = {isa = PBXBuildFile; fileRef = D9266CC124F01A7900FAEBF0 /* NotesViewController.swift */; };
		D9266CC524F0334500FAEBF0 /* NotesTypeList.swift in Sources */ = {isa = PBXBuildFile; fileRef = D9266CC424F0334500FAEBF0 /* NotesTypeList.swift */; };
		D9266CC724F034CE00FAEBF0 /* NotesTypeStorage.swift in Sources */ = {isa = PBXBuildFile; fileRef = D9266CC624F034CE00FAEBF0 /* NotesTypeStorage.swift */; };
		D9266CCA24F04C8D00FAEBF0 /* NotesTypeTableViewCell.swift in Sources */ = {isa = PBXBuildFile; fileRef = D9266CC924F04C8D00FAEBF0 /* NotesTypeTableViewCell.swift */; };
		D9266CD524F05CBD00FAEBF0 /* Inter-ExtraBold-slnt=0.ttf in Resources */ = {isa = PBXBuildFile; fileRef = D9266CCC24F05CBC00FAEBF0 /* Inter-ExtraBold-slnt=0.ttf */; };
		D9266CD624F05CBD00FAEBF0 /* Inter-Regular-slnt=0.ttf in Resources */ = {isa = PBXBuildFile; fileRef = D9266CCD24F05CBC00FAEBF0 /* Inter-Regular-slnt=0.ttf */; };
		D9266CD724F05CBD00FAEBF0 /* Inter-Thin-slnt=0.ttf in Resources */ = {isa = PBXBuildFile; fileRef = D9266CCE24F05CBD00FAEBF0 /* Inter-Thin-slnt=0.ttf */; };
		D9266CD824F05CBD00FAEBF0 /* Inter-Black-slnt=0.ttf in Resources */ = {isa = PBXBuildFile; fileRef = D9266CCF24F05CBD00FAEBF0 /* Inter-Black-slnt=0.ttf */; };
		D9266CD924F05CBD00FAEBF0 /* Inter-Light-slnt=0.ttf in Resources */ = {isa = PBXBuildFile; fileRef = D9266CD024F05CBD00FAEBF0 /* Inter-Light-slnt=0.ttf */; };
		D9266CDA24F05CBD00FAEBF0 /* Inter-ExtraLight-slnt=0.ttf in Resources */ = {isa = PBXBuildFile; fileRef = D9266CD124F05CBD00FAEBF0 /* Inter-ExtraLight-slnt=0.ttf */; };
		D9266CDB24F05CBD00FAEBF0 /* Inter-Medium-slnt=0.ttf in Resources */ = {isa = PBXBuildFile; fileRef = D9266CD224F05CBD00FAEBF0 /* Inter-Medium-slnt=0.ttf */; };
		D9266CDC24F05CBD00FAEBF0 /* Inter-Bold-slnt=0.ttf in Resources */ = {isa = PBXBuildFile; fileRef = D9266CD324F05CBD00FAEBF0 /* Inter-Bold-slnt=0.ttf */; };
		D9266CDD24F05CBD00FAEBF0 /* Inter-SemiBold-slnt=0.ttf in Resources */ = {isa = PBXBuildFile; fileRef = D9266CD424F05CBD00FAEBF0 /* Inter-SemiBold-slnt=0.ttf */; };
		D946D33824F4453F00176934 /* ContentCollectionViewCell.swift in Sources */ = {isa = PBXBuildFile; fileRef = D946D33724F4453F00176934 /* ContentCollectionViewCell.swift */; };
		D946D33F24F4485D00176934 /* ContentView.swift in Sources */ = {isa = PBXBuildFile; fileRef = D946D33E24F4485D00176934 /* ContentView.swift */; };
		D96654FD24EF9251004EF11C /* AppDelegate.swift in Sources */ = {isa = PBXBuildFile; fileRef = D96654FC24EF9251004EF11C /* AppDelegate.swift */; };
		D96654FF24EF9251004EF11C /* SceneDelegate.swift in Sources */ = {isa = PBXBuildFile; fileRef = D96654FE24EF9251004EF11C /* SceneDelegate.swift */; };
		D966550124EF9251004EF11C /* ViewController.swift in Sources */ = {isa = PBXBuildFile; fileRef = D966550024EF9251004EF11C /* ViewController.swift */; };
		D966550424EF9251004EF11C /* Main.storyboard in Resources */ = {isa = PBXBuildFile; fileRef = D966550224EF9251004EF11C /* Main.storyboard */; };
		D966550624EF9254004EF11C /* Assets.xcassets in Resources */ = {isa = PBXBuildFile; fileRef = D966550524EF9254004EF11C /* Assets.xcassets */; };
		D966550924EF9254004EF11C /* LaunchScreen.storyboard in Resources */ = {isa = PBXBuildFile; fileRef = D966550724EF9254004EF11C /* LaunchScreen.storyboard */; };
		D99D274424F621B600EFA6B5 /* ContentList.swift in Sources */ = {isa = PBXBuildFile; fileRef = D99D274324F621B600EFA6B5 /* ContentList.swift */; };
		D99D274624F6247700EFA6B5 /* ContentStorage.swift in Sources */ = {isa = PBXBuildFile; fileRef = D99D274524F6247700EFA6B5 /* ContentStorage.swift */; };
/* End PBXBuildFile section */

/* Begin PBXFileReference section */
		D9266CC124F01A7900FAEBF0 /* NotesViewController.swift */ = {isa = PBXFileReference; lastKnownFileType = sourcecode.swift; path = NotesViewController.swift; sourceTree = "<group>"; };
		D9266CC424F0334500FAEBF0 /* NotesTypeList.swift */ = {isa = PBXFileReference; lastKnownFileType = sourcecode.swift; path = NotesTypeList.swift; sourceTree = "<group>"; };
		D9266CC624F034CE00FAEBF0 /* NotesTypeStorage.swift */ = {isa = PBXFileReference; lastKnownFileType = sourcecode.swift; path = NotesTypeStorage.swift; sourceTree = "<group>"; };
		D9266CC924F04C8D00FAEBF0 /* NotesTypeTableViewCell.swift */ = {isa = PBXFileReference; lastKnownFileType = sourcecode.swift; path = NotesTypeTableViewCell.swift; sourceTree = "<group>"; };
		D9266CCC24F05CBC00FAEBF0 /* Inter-ExtraBold-slnt=0.ttf */ = {isa = PBXFileReference; lastKnownFileType = file; path = "Inter-ExtraBold-slnt=0.ttf"; sourceTree = "<group>"; };
		D9266CCD24F05CBC00FAEBF0 /* Inter-Regular-slnt=0.ttf */ = {isa = PBXFileReference; lastKnownFileType = file; path = "Inter-Regular-slnt=0.ttf"; sourceTree = "<group>"; };
		D9266CCE24F05CBD00FAEBF0 /* Inter-Thin-slnt=0.ttf */ = {isa = PBXFileReference; lastKnownFileType = file; path = "Inter-Thin-slnt=0.ttf"; sourceTree = "<group>"; };
		D9266CCF24F05CBD00FAEBF0 /* Inter-Black-slnt=0.ttf */ = {isa = PBXFileReference; lastKnownFileType = file; path = "Inter-Black-slnt=0.ttf"; sourceTree = "<group>"; };
		D9266CD024F05CBD00FAEBF0 /* Inter-Light-slnt=0.ttf */ = {isa = PBXFileReference; lastKnownFileType = file; path = "Inter-Light-slnt=0.ttf"; sourceTree = "<group>"; };
		D9266CD124F05CBD00FAEBF0 /* Inter-ExtraLight-slnt=0.ttf */ = {isa = PBXFileReference; lastKnownFileType = file; path = "Inter-ExtraLight-slnt=0.ttf"; sourceTree = "<group>"; };
		D9266CD224F05CBD00FAEBF0 /* Inter-Medium-slnt=0.ttf */ = {isa = PBXFileReference; lastKnownFileType = file; path = "Inter-Medium-slnt=0.ttf"; sourceTree = "<group>"; };
		D9266CD324F05CBD00FAEBF0 /* Inter-Bold-slnt=0.ttf */ = {isa = PBXFileReference; lastKnownFileType = file; path = "Inter-Bold-slnt=0.ttf"; sourceTree = "<group>"; };
		D9266CD424F05CBD00FAEBF0 /* Inter-SemiBold-slnt=0.ttf */ = {isa = PBXFileReference; lastKnownFileType = file; path = "Inter-SemiBold-slnt=0.ttf"; sourceTree = "<group>"; };
		D946D33724F4453F00176934 /* ContentCollectionViewCell.swift */ = {isa = PBXFileReference; lastKnownFileType = sourcecode.swift; path = ContentCollectionViewCell.swift; sourceTree = "<group>"; };
		D946D33E24F4485D00176934 /* ContentView.swift */ = {isa = PBXFileReference; lastKnownFileType = sourcecode.swift; path = ContentView.swift; sourceTree = "<group>"; };
		D96654F924EF9251004EF11C /* MockBock.app */ = {isa = PBXFileReference; explicitFileType = wrapper.application; includeInIndex = 0; path = MockBock.app; sourceTree = BUILT_PRODUCTS_DIR; };
		D96654FC24EF9251004EF11C /* AppDelegate.swift */ = {isa = PBXFileReference; lastKnownFileType = sourcecode.swift; path = AppDelegate.swift; sourceTree = "<group>"; };
		D96654FE24EF9251004EF11C /* SceneDelegate.swift */ = {isa = PBXFileReference; lastKnownFileType = sourcecode.swift; path = SceneDelegate.swift; sourceTree = "<group>"; };
		D966550024EF9251004EF11C /* ViewController.swift */ = {isa = PBXFileReference; lastKnownFileType = sourcecode.swift; path = ViewController.swift; sourceTree = "<group>"; };
		D966550324EF9251004EF11C /* Base */ = {isa = PBXFileReference; lastKnownFileType = file.storyboard; name = Base; path = Base.lproj/Main.storyboard; sourceTree = "<group>"; };
		D966550524EF9254004EF11C /* Assets.xcassets */ = {isa = PBXFileReference; lastKnownFileType = folder.assetcatalog; path = Assets.xcassets; sourceTree = "<group>"; };
		D966550824EF9254004EF11C /* Base */ = {isa = PBXFileReference; lastKnownFileType = file.storyboard; name = Base; path = Base.lproj/LaunchScreen.storyboard; sourceTree = "<group>"; };
		D966550A24EF9254004EF11C /* Info.plist */ = {isa = PBXFileReference; lastKnownFileType = text.plist.xml; path = Info.plist; sourceTree = "<group>"; };
		D99D274324F621B600EFA6B5 /* ContentList.swift */ = {isa = PBXFileReference; lastKnownFileType = sourcecode.swift; path = ContentList.swift; sourceTree = "<group>"; };
		D99D274524F6247700EFA6B5 /* ContentStorage.swift */ = {isa = PBXFileReference; lastKnownFileType = sourcecode.swift; path = ContentStorage.swift; sourceTree = "<group>"; };
/* End PBXFileReference section */

/* Begin PBXFrameworksBuildPhase section */
		D96654F624EF9251004EF11C /* Frameworks */ = {
			isa = PBXFrameworksBuildPhase;
			buildActionMask = 2147483647;
			files = (
			);
			runOnlyForDeploymentPostprocessing = 0;
		};
/* End PBXFrameworksBuildPhase section */

/* Begin PBXGroup section */
		D9266CBD24EFE0AB00FAEBF0 /* Notes */ = {
			isa = PBXGroup;
			children = (
				D9266CC824F04C5B00FAEBF0 /* View */,
				D9266CC324F032E900FAEBF0 /* Model */,
				D9266CC024F01A5600FAEBF0 /* Controller */,
			);
			path = Notes;
			sourceTree = "<group>";
		};
		D9266CC024F01A5600FAEBF0 /* Controller */ = {
			isa = PBXGroup;
			children = (
				D9266CC124F01A7900FAEBF0 /* NotesViewController.swift */,
			);
			path = Controller;
			sourceTree = "<group>";
		};
		D9266CC324F032E900FAEBF0 /* Model */ = {
			isa = PBXGroup;
			children = (
				D9266CC424F0334500FAEBF0 /* NotesTypeList.swift */,
				D9266CC624F034CE00FAEBF0 /* NotesTypeStorage.swift */,
			);
			path = Model;
			sourceTree = "<group>";
		};
		D9266CC824F04C5B00FAEBF0 /* View */ = {
			isa = PBXGroup;
			children = (
				D9266CC924F04C8D00FAEBF0 /* NotesTypeTableViewCell.swift */,
			);
			path = View;
			sourceTree = "<group>";
		};
		D9266CCB24F05C7300FAEBF0 /* Fonts */ = {
			isa = PBXGroup;
			children = (
				D9266CCF24F05CBD00FAEBF0 /* Inter-Black-slnt=0.ttf */,
				D9266CD324F05CBD00FAEBF0 /* Inter-Bold-slnt=0.ttf */,
				D9266CCC24F05CBC00FAEBF0 /* Inter-ExtraBold-slnt=0.ttf */,
				D9266CD124F05CBD00FAEBF0 /* Inter-ExtraLight-slnt=0.ttf */,
				D9266CD024F05CBD00FAEBF0 /* Inter-Light-slnt=0.ttf */,
				D9266CD224F05CBD00FAEBF0 /* Inter-Medium-slnt=0.ttf */,
				D9266CCD24F05CBC00FAEBF0 /* Inter-Regular-slnt=0.ttf */,
				D9266CD424F05CBD00FAEBF0 /* Inter-SemiBold-slnt=0.ttf */,
				D9266CCE24F05CBD00FAEBF0 /* Inter-Thin-slnt=0.ttf */,
			);
			path = Fonts;
			sourceTree = "<group>";
		};
		D946D33524F444E100176934 /* ContentCollection */ = {
			isa = PBXGroup;
			children = (
				D99D274024F6215500EFA6B5 /* Model */,
				D946D33924F4474200176934 /* Controller */,
				D946D33624F444F400176934 /* View */,
			);
			path = ContentCollection;
			sourceTree = "<group>";
		};
		D946D33624F444F400176934 /* View */ = {
			isa = PBXGroup;
			children = (
				D946D33724F4453F00176934 /* ContentCollectionViewCell.swift */,
				D946D33E24F4485D00176934 /* ContentView.swift */,
			);
			path = View;
			sourceTree = "<group>";
		};
		D946D33924F4474200176934 /* Controller */ = {
			isa = PBXGroup;
			children = (
			);
			path = Controller;
			sourceTree = "<group>";
		};
		D96654F024EF9251004EF11C = {
			isa = PBXGroup;
			children = (
				D96654FB24EF9251004EF11C /* MockBock */,
				D96654FA24EF9251004EF11C /* Products */,
			);
			sourceTree = "<group>";
		};
		D96654FA24EF9251004EF11C /* Products */ = {
			isa = PBXGroup;
			children = (
				D96654F924EF9251004EF11C /* MockBock.app */,
			);
			name = Products;
			sourceTree = "<group>";
		};
		D96654FB24EF9251004EF11C /* MockBock */ = {
			isa = PBXGroup;
			children = (
				D946D33524F444E100176934 /* ContentCollection */,
				D9266CCB24F05C7300FAEBF0 /* Fonts */,
				D9266CBD24EFE0AB00FAEBF0 /* Notes */,
				D96654FC24EF9251004EF11C /* AppDelegate.swift */,
				D96654FE24EF9251004EF11C /* SceneDelegate.swift */,
				D966550024EF9251004EF11C /* ViewController.swift */,
				D966550224EF9251004EF11C /* Main.storyboard */,
				D966550524EF9254004EF11C /* Assets.xcassets */,
				D966550724EF9254004EF11C /* LaunchScreen.storyboard */,
				D966550A24EF9254004EF11C /* Info.plist */,
			);
			path = MockBock;
			sourceTree = "<group>";
		};
		D99D274024F6215500EFA6B5 /* Model */ = {
			isa = PBXGroup;
			children = (
				D99D274324F621B600EFA6B5 /* ContentList.swift */,
				D99D274524F6247700EFA6B5 /* ContentStorage.swift */,
			);
			path = Model;
			sourceTree = "<group>";
		};
/* End PBXGroup section */

/* Begin PBXNativeTarget section */
		D96654F824EF9251004EF11C /* MockBock */ = {
			isa = PBXNativeTarget;
			buildConfigurationList = D966550D24EF9254004EF11C /* Build configuration list for PBXNativeTarget "MockBock" */;
			buildPhases = (
				D96654F524EF9251004EF11C /* Sources */,
				D96654F624EF9251004EF11C /* Frameworks */,
				D96654F724EF9251004EF11C /* Resources */,
			);
			buildRules = (
			);
			dependencies = (
			);
			name = MockBock;
			productName = MockBock;
			productReference = D96654F924EF9251004EF11C /* MockBock.app */;
			productType = "com.apple.product-type.application";
		};
/* End PBXNativeTarget section */

/* Begin PBXProject section */
		D96654F124EF9251004EF11C /* Project object */ = {
			isa = PBXProject;
			attributes = {
				LastSwiftUpdateCheck = 1160;
				LastUpgradeCheck = 1160;
				ORGANIZATIONNAME = Baur;
				TargetAttributes = {
					D96654F824EF9251004EF11C = {
						CreatedOnToolsVersion = 11.6;
					};
				};
			};
			buildConfigurationList = D96654F424EF9251004EF11C /* Build configuration list for PBXProject "MockBock" */;
			compatibilityVersion = "Xcode 9.3";
			developmentRegion = en;
			hasScannedForEncodings = 0;
			knownRegions = (
				en,
				Base,
			);
			mainGroup = D96654F024EF9251004EF11C;
			productRefGroup = D96654FA24EF9251004EF11C /* Products */;
			projectDirPath = "";
			projectRoot = "";
			targets = (
				D96654F824EF9251004EF11C /* MockBock */,
			);
		};
/* End PBXProject section */

/* Begin PBXResourcesBuildPhase section */
		D96654F724EF9251004EF11C /* Resources */ = {
			isa = PBXResourcesBuildPhase;
			buildActionMask = 2147483647;
			files = (
				D966550924EF9254004EF11C /* LaunchScreen.storyboard in Resources */,
				D9266CD524F05CBD00FAEBF0 /* Inter-ExtraBold-slnt=0.ttf in Resources */,
				D9266CDD24F05CBD00FAEBF0 /* Inter-SemiBold-slnt=0.ttf in Resources */,
				D9266CD724F05CBD00FAEBF0 /* Inter-Thin-slnt=0.ttf in Resources */,
				D9266CD824F05CBD00FAEBF0 /* Inter-Black-slnt=0.ttf in Resources */,
				D9266CDA24F05CBD00FAEBF0 /* Inter-ExtraLight-slnt=0.ttf in Resources */,
				D9266CD924F05CBD00FAEBF0 /* Inter-Light-slnt=0.ttf in Resources */,
				D9266CDB24F05CBD00FAEBF0 /* Inter-Medium-slnt=0.ttf in Resources */,
				D9266CDC24F05CBD00FAEBF0 /* Inter-Bold-slnt=0.ttf in Resources */,
				D966550624EF9254004EF11C /* Assets.xcassets in Resources */,
				D9266CD624F05CBD00FAEBF0 /* Inter-Regular-slnt=0.ttf in Resources */,
				D966550424EF9251004EF11C /* Main.storyboard in Resources */,
			);
			runOnlyForDeploymentPostprocessing = 0;
		};
/* End PBXResourcesBuildPhase section */

/* Begin PBXSourcesBuildPhase section */
		D96654F524EF9251004EF11C /* Sources */ = {
			isa = PBXSourcesBuildPhase;
			buildActionMask = 2147483647;
			files = (
				D966550124EF9251004EF11C /* ViewController.swift in Sources */,
				D99D274424F621B600EFA6B5 /* ContentList.swift in Sources */,
				D9266CC224F01A7900FAEBF0 /* NotesViewController.swift in Sources */,
				D96654FD24EF9251004EF11C /* AppDelegate.swift in Sources */,
				D9266CC524F0334500FAEBF0 /* NotesTypeList.swift in Sources */,
				D946D33824F4453F00176934 /* ContentCollectionViewCell.swift in Sources */,
				D946D33F24F4485D00176934 /* ContentView.swift in Sources */,
				D9266CC724F034CE00FAEBF0 /* NotesTypeStorage.swift in Sources */,
				D99D274624F6247700EFA6B5 /* ContentStorage.swift in Sources */,
				D9266CCA24F04C8D00FAEBF0 /* NotesTypeTableViewCell.swift in Sources */,
				D96654FF24EF9251004EF11C /* SceneDelegate.swift in Sources */,
			);
			runOnlyForDeploymentPostprocessing = 0;
		};
/* End PBXSourcesBuildPhase section */

/* Begin PBXVariantGroup section */
		D966550224EF9251004EF11C /* Main.storyboard */ = {
			isa = PBXVariantGroup;
			children = (
				D966550324EF9251004EF11C /* Base */,
			);
			name = Main.storyboard;
			sourceTree = "<group>";
		};
		D966550724EF9254004EF11C /* LaunchScreen.storyboard */ = {
			isa = PBXVariantGroup;
			children = (
				D966550824EF9254004EF11C /* Base */,
			);
			name = LaunchScreen.storyboard;
			sourceTree = "<group>";
		};
/* End PBXVariantGroup section */

/* Begin XCBuildConfiguration section */
		D966550B24EF9254004EF11C /* Debug */ = {
			isa = XCBuildConfiguration;
			buildSettings = {
				ALWAYS_SEARCH_USER_PATHS = NO;
				CLANG_ANALYZER_NONNULL = YES;
				CLANG_ANALYZER_NUMBER_OBJECT_CONVERSION = YES_AGGRESSIVE;
				CLANG_CXX_LANGUAGE_STANDARD = "gnu++14";
				CLANG_CXX_LIBRARY = "libc++";
				CLANG_ENABLE_MODULES = YES;
				CLANG_ENABLE_OBJC_ARC = YES;
				CLANG_ENABLE_OBJC_WEAK = YES;
				CLANG_WARN_BLOCK_CAPTURE_AUTORELEASING = YES;
				CLANG_WARN_BOOL_CONVERSION = YES;
				CLANG_WARN_COMMA = YES;
				CLANG_WARN_CONSTANT_CONVERSION = YES;
				CLANG_WARN_DEPRECATED_OBJC_IMPLEMENTATIONS = YES;
				CLANG_WARN_DIRECT_OBJC_ISA_USAGE = YES_ERROR;
				CLANG_WARN_DOCUMENTATION_COMMENTS = YES;
				CLANG_WARN_EMPTY_BODY = YES;
				CLANG_WARN_ENUM_CONVERSION = YES;
				CLANG_WARN_INFINITE_RECURSION = YES;
				CLANG_WARN_INT_CONVERSION = YES;
				CLANG_WARN_NON_LITERAL_NULL_CONVERSION = YES;
				CLANG_WARN_OBJC_IMPLICIT_RETAIN_SELF = YES;
				CLANG_WARN_OBJC_LITERAL_CONVERSION = YES;
				CLANG_WARN_OBJC_ROOT_CLASS = YES_ERROR;
				CLANG_WARN_RANGE_LOOP_ANALYSIS = YES;
				CLANG_WARN_STRICT_PROTOTYPES = YES;
				CLANG_WARN_SUSPICIOUS_MOVE = YES;
				CLANG_WARN_UNGUARDED_AVAILABILITY = YES_AGGRESSIVE;
				CLANG_WARN_UNREACHABLE_CODE = YES;
				CLANG_WARN__DUPLICATE_METHOD_MATCH = YES;
				COPY_PHASE_STRIP = NO;
				DEBUG_INFORMATION_FORMAT = dwarf;
				ENABLE_STRICT_OBJC_MSGSEND = YES;
				ENABLE_TESTABILITY = YES;
				GCC_C_LANGUAGE_STANDARD = gnu11;
				GCC_DYNAMIC_NO_PIC = NO;
				GCC_NO_COMMON_BLOCKS = YES;
				GCC_OPTIMIZATION_LEVEL = 0;
				GCC_PREPROCESSOR_DEFINITIONS = (
					"DEBUG=1",
					"$(inherited)",
				);
				GCC_WARN_64_TO_32_BIT_CONVERSION = YES;
				GCC_WARN_ABOUT_RETURN_TYPE = YES_ERROR;
				GCC_WARN_UNDECLARED_SELECTOR = YES;
				GCC_WARN_UNINITIALIZED_AUTOS = YES_AGGRESSIVE;
				GCC_WARN_UNUSED_FUNCTION = YES;
				GCC_WARN_UNUSED_VARIABLE = YES;
				IPHONEOS_DEPLOYMENT_TARGET = 13.6;
				MTL_ENABLE_DEBUG_INFO = INCLUDE_SOURCE;
				MTL_FAST_MATH = YES;
				ONLY_ACTIVE_ARCH = YES;
				SDKROOT = iphoneos;
				SWIFT_ACTIVE_COMPILATION_CONDITIONS = DEBUG;
				SWIFT_OPTIMIZATION_LEVEL = "-Onone";
			};
			name = Debug;
		};
		D966550C24EF9254004EF11C /* Release */ = {
			isa = XCBuildConfiguration;
			buildSettings = {
				ALWAYS_SEARCH_USER_PATHS = NO;
				CLANG_ANALYZER_NONNULL = YES;
				CLANG_ANALYZER_NUMBER_OBJECT_CONVERSION = YES_AGGRESSIVE;
				CLANG_CXX_LANGUAGE_STANDARD = "gnu++14";
				CLANG_CXX_LIBRARY = "libc++";
				CLANG_ENABLE_MODULES = YES;
				CLANG_ENABLE_OBJC_ARC = YES;
				CLANG_ENABLE_OBJC_WEAK = YES;
				CLANG_WARN_BLOCK_CAPTURE_AUTORELEASING = YES;
				CLANG_WARN_BOOL_CONVERSION = YES;
				CLANG_WARN_COMMA = YES;
				CLANG_WARN_CONSTANT_CONVERSION = YES;
				CLANG_WARN_DEPRECATED_OBJC_IMPLEMENTATIONS = YES;
				CLANG_WARN_DIRECT_OBJC_ISA_USAGE = YES_ERROR;
				CLANG_WARN_DOCUMENTATION_COMMENTS = YES;
				CLANG_WARN_EMPTY_BODY = YES;
				CLANG_WARN_ENUM_CONVERSION = YES;
				CLANG_WARN_INFINITE_RECURSION = YES;
				CLANG_WARN_INT_CONVERSION = YES;
				CLANG_WARN_NON_LITERAL_NULL_CONVERSION = YES;
				CLANG_WARN_OBJC_IMPLICIT_RETAIN_SELF = YES;
				CLANG_WARN_OBJC_LITERAL_CONVERSION = YES;
				CLANG_WARN_OBJC_ROOT_CLASS = YES_ERROR;
				CLANG_WARN_RANGE_LOOP_ANALYSIS = YES;
				CLANG_WARN_STRICT_PROTOTYPES = YES;
				CLANG_WARN_SUSPICIOUS_MOVE = YES;
				CLANG_WARN_UNGUARDED_AVAILABILITY = YES_AGGRESSIVE;
				CLANG_WARN_UNREACHABLE_CODE = YES;
				CLANG_WARN__DUPLICATE_METHOD_MATCH = YES;
				COPY_PHASE_STRIP = NO;
				DEBUG_INFORMATION_FORMAT = "dwarf-with-dsym";
				ENABLE_NS_ASSERTIONS = NO;
				ENABLE_STRICT_OBJC_MSGSEND = YES;
				GCC_C_LANGUAGE_STANDARD = gnu11;
				GCC_NO_COMMON_BLOCKS = YES;
				GCC_WARN_64_TO_32_BIT_CONVERSION = YES;
				GCC_WARN_ABOUT_RETURN_TYPE = YES_ERROR;
				GCC_WARN_UNDECLARED_SELECTOR = YES;
				GCC_WARN_UNINITIALIZED_AUTOS = YES_AGGRESSIVE;
				GCC_WARN_UNUSED_FUNCTION = YES;
				GCC_WARN_UNUSED_VARIABLE = YES;
				IPHONEOS_DEPLOYMENT_TARGET = 13.6;
				MTL_ENABLE_DEBUG_INFO = NO;
				MTL_FAST_MATH = YES;
				SDKROOT = iphoneos;
				SWIFT_COMPILATION_MODE = wholemodule;
				SWIFT_OPTIMIZATION_LEVEL = "-O";
				VALIDATE_PRODUCT = YES;
			};
			name = Release;
		};
		D966550E24EF9254004EF11C /* Debug */ = {
			isa = XCBuildConfiguration;
			buildSettings = {
				ASSETCATALOG_COMPILER_APPICON_NAME = AppIcon;
				CODE_SIGN_STYLE = Automatic;
				DEVELOPMENT_TEAM = 43AW53X6QZ;
				INFOPLIST_FILE = MockBock/Info.plist;
				LD_RUNPATH_SEARCH_PATHS = (
					"$(inherited)",
					"@executable_path/Frameworks",
				);
				PRODUCT_BUNDLE_IDENTIFIER = kz.boulder.MockBock;
				PRODUCT_NAME = "$(TARGET_NAME)";
				SWIFT_VERSION = 5.0;
				TARGETED_DEVICE_FAMILY = "1,2";
			};
			name = Debug;
		};
		D966550F24EF9254004EF11C /* Release */ = {
			isa = XCBuildConfiguration;
			buildSettings = {
				ASSETCATALOG_COMPILER_APPICON_NAME = AppIcon;
				CODE_SIGN_STYLE = Automatic;
				DEVELOPMENT_TEAM = 43AW53X6QZ;
				INFOPLIST_FILE = MockBock/Info.plist;
				LD_RUNPATH_SEARCH_PATHS = (
					"$(inherited)",
					"@executable_path/Frameworks",
				);
				PRODUCT_BUNDLE_IDENTIFIER = kz.boulder.MockBock;
				PRODUCT_NAME = "$(TARGET_NAME)";
				SWIFT_VERSION = 5.0;
				TARGETED_DEVICE_FAMILY = "1,2";
			};
			name = Release;
		};
/* End XCBuildConfiguration section */

/* Begin XCConfigurationList section */
		D96654F424EF9251004EF11C /* Build configuration list for PBXProject "MockBock" */ = {
			isa = XCConfigurationList;
			buildConfigurations = (
				D966550B24EF9254004EF11C /* Debug */,
				D966550C24EF9254004EF11C /* Release */,
			);
			defaultConfigurationIsVisible = 0;
			defaultConfigurationName = Release;
		};
		D966550D24EF9254004EF11C /* Build configuration list for PBXNativeTarget "MockBock" */ = {
			isa = XCConfigurationList;
			buildConfigurations = (
				D966550E24EF9254004EF11C /* Debug */,
				D966550F24EF9254004EF11C /* Release */,
			);
			defaultConfigurationIsVisible = 0;
			defaultConfigurationName = Release;
		};
/* End XCConfigurationList section */
	};
	rootObject = D96654F124EF9251004EF11C /* Project object */;
}
